// !$*UTF8*$!
{
	archiveVersion = 1;
	classes = {
	};
	objectVersion = 50;
	objects = {

/* Begin PBXBuildFile section */
		3886374A24B46EE00093EA21 /* AppDelegate.swift in Sources */ = {isa = PBXBuildFile; fileRef = 3886374924B46EE00093EA21 /* AppDelegate.swift */; };
		3886374C24B46EE00093EA21 /* SceneDelegate.swift in Sources */ = {isa = PBXBuildFile; fileRef = 3886374B24B46EE00093EA21 /* SceneDelegate.swift */; };
		3886374E24B46EE00093EA21 /* ContentView.swift in Sources */ = {isa = PBXBuildFile; fileRef = 3886374D24B46EE00093EA21 /* ContentView.swift */; };
		3886375024B46EE10093EA21 /* Assets.xcassets in Resources */ = {isa = PBXBuildFile; fileRef = 3886374F24B46EE10093EA21 /* Assets.xcassets */; };
		3886375324B46EE10093EA21 /* Preview Assets.xcassets in Resources */ = {isa = PBXBuildFile; fileRef = 3886375224B46EE10093EA21 /* Preview Assets.xcassets */; };
		3886375624B46EE10093EA21 /* LaunchScreen.storyboard in Resources */ = {isa = PBXBuildFile; fileRef = 3886375424B46EE10093EA21 /* LaunchScreen.storyboard */; };
		3886376124B46EE10093EA21 /* AppFinalTests.swift in Sources */ = {isa = PBXBuildFile; fileRef = 3886376024B46EE10093EA21 /* AppFinalTests.swift */; };
		3886376C24B46EE10093EA21 /* AppFinalUITests.swift in Sources */ = {isa = PBXBuildFile; fileRef = 3886376B24B46EE10093EA21 /* AppFinalUITests.swift */; };
		3886377A24B46F170093EA21 /* Bases.swift in Sources */ = {isa = PBXBuildFile; fileRef = 3886377924B46F170093EA21 /* Bases.swift */; };
		3886377C24B46F360093EA21 /* QCMMathView.swift in Sources */ = {isa = PBXBuildFile; fileRef = 3886377B24B46F360093EA21 /* QCMMathView.swift */; };
		3886377E24B46F4B0093EA21 /* HamidView.swift in Sources */ = {isa = PBXBuildFile; fileRef = 3886377D24B46F4B0093EA21 /* HamidView.swift */; };
		3886378024B46F5E0093EA21 /* FabriceView.swift in Sources */ = {isa = PBXBuildFile; fileRef = 3886377F24B46F5E0093EA21 /* FabriceView.swift */; };
		3886378224B46F700093EA21 /* LeeRoyView Bouton reponse.swift in Sources */ = {isa = PBXBuildFile; fileRef = 3886378124B46F700093EA21 /* LeeRoyView Bouton reponse.swift */; };
		3886378424B46F980093EA21 /* KhangStat.swift in Sources */ = {isa = PBXBuildFile; fileRef = 3886378324B46F980093EA21 /* KhangStat.swift */; };
		3886378624B4724B0093EA21 /* FreeQCMMathView.swift in Sources */ = {isa = PBXBuildFile; fileRef = 3886378524B4724B0093EA21 /* FreeQCMMathView.swift */; };
		3886378824B473990093EA21 /* NavigationView.swift in Sources */ = {isa = PBXBuildFile; fileRef = 3886378724B473990093EA21 /* NavigationView.swift */; };
		3886378A24B475B30093EA21 /* ParametreView.swift in Sources */ = {isa = PBXBuildFile; fileRef = 3886378924B475B30093EA21 /* ParametreView.swift */; };
		388637C824B4B2660093EA21 /* chewy in Resources */ = {isa = PBXBuildFile; fileRef = 388637C724B4B2660093EA21 /* chewy */; };
		3886384624B4CA930093EA21 /* LeeRoyView2 Ajout QCM.swift in Sources */ = {isa = PBXBuildFile; fileRef = 3886384524B4CA930093EA21 /* LeeRoyView2 Ajout QCM.swift */; };
		3886384A24B5CB4D0093EA21 /* AboutUsView.swift in Sources */ = {isa = PBXBuildFile; fileRef = 3886384924B5CB4D0093EA21 /* AboutUsView.swift */; };
		3886384C24B5CB5E0093EA21 /* CompteView..swift in Sources */ = {isa = PBXBuildFile; fileRef = 3886384B24B5CB5E0093EA21 /* CompteView..swift */; };
		3886384E24B5CB6B0093EA21 /* Playsound.swift in Sources */ = {isa = PBXBuildFile; fileRef = 3886384D24B5CB6B0093EA21 /* Playsound.swift */; };
		3886385024B60B4C0093EA21 /* HamidViewModif.swift in Sources */ = {isa = PBXBuildFile; fileRef = 3886384F24B60B4C0093EA21 /* HamidViewModif.swift */; };
/* End PBXBuildFile section */

/* Begin PBXContainerItemProxy section */
		3886375D24B46EE10093EA21 /* PBXContainerItemProxy */ = {
			isa = PBXContainerItemProxy;
			containerPortal = 3886373E24B46EE00093EA21 /* Project object */;
			proxyType = 1;
			remoteGlobalIDString = 3886374524B46EE00093EA21;
			remoteInfo = AppFinal;
		};
		3886376824B46EE10093EA21 /* PBXContainerItemProxy */ = {
			isa = PBXContainerItemProxy;
			containerPortal = 3886373E24B46EE00093EA21 /* Project object */;
			proxyType = 1;
			remoteGlobalIDString = 3886374524B46EE00093EA21;
			remoteInfo = AppFinal;
		};
/* End PBXContainerItemProxy section */

/* Begin PBXFileReference section */
		3886374624B46EE00093EA21 /* AppFinal.app */ = {isa = PBXFileReference; explicitFileType = wrapper.application; includeInIndex = 0; path = AppFinal.app; sourceTree = BUILT_PRODUCTS_DIR; };
		3886374924B46EE00093EA21 /* AppDelegate.swift */ = {isa = PBXFileReference; lastKnownFileType = sourcecode.swift; path = AppDelegate.swift; sourceTree = "<group>"; };
		3886374B24B46EE00093EA21 /* SceneDelegate.swift */ = {isa = PBXFileReference; lastKnownFileType = sourcecode.swift; path = SceneDelegate.swift; sourceTree = "<group>"; };
		3886374D24B46EE00093EA21 /* ContentView.swift */ = {isa = PBXFileReference; lastKnownFileType = sourcecode.swift; path = ContentView.swift; sourceTree = "<group>"; };
		3886374F24B46EE10093EA21 /* Assets.xcassets */ = {isa = PBXFileReference; lastKnownFileType = folder.assetcatalog; path = Assets.xcassets; sourceTree = "<group>"; };
		3886375224B46EE10093EA21 /* Preview Assets.xcassets */ = {isa = PBXFileReference; lastKnownFileType = folder.assetcatalog; path = "Preview Assets.xcassets"; sourceTree = "<group>"; };
		3886375524B46EE10093EA21 /* Base */ = {isa = PBXFileReference; lastKnownFileType = file.storyboard; name = Base; path = Base.lproj/LaunchScreen.storyboard; sourceTree = "<group>"; };
		3886375724B46EE10093EA21 /* Info.plist */ = {isa = PBXFileReference; lastKnownFileType = text.plist.xml; path = Info.plist; sourceTree = "<group>"; };
		3886375C24B46EE10093EA21 /* AppFinalTests.xctest */ = {isa = PBXFileReference; explicitFileType = wrapper.cfbundle; includeInIndex = 0; path = AppFinalTests.xctest; sourceTree = BUILT_PRODUCTS_DIR; };
		3886376024B46EE10093EA21 /* AppFinalTests.swift */ = {isa = PBXFileReference; lastKnownFileType = sourcecode.swift; path = AppFinalTests.swift; sourceTree = "<group>"; };
		3886376224B46EE10093EA21 /* Info.plist */ = {isa = PBXFileReference; lastKnownFileType = text.plist.xml; path = Info.plist; sourceTree = "<group>"; };
		3886376724B46EE10093EA21 /* AppFinalUITests.xctest */ = {isa = PBXFileReference; explicitFileType = wrapper.cfbundle; includeInIndex = 0; path = AppFinalUITests.xctest; sourceTree = BUILT_PRODUCTS_DIR; };
		3886376B24B46EE10093EA21 /* AppFinalUITests.swift */ = {isa = PBXFileReference; lastKnownFileType = sourcecode.swift; path = AppFinalUITests.swift; sourceTree = "<group>"; };
		3886376D24B46EE10093EA21 /* Info.plist */ = {isa = PBXFileReference; lastKnownFileType = text.plist.xml; path = Info.plist; sourceTree = "<group>"; };
		3886377924B46F170093EA21 /* Bases.swift */ = {isa = PBXFileReference; lastKnownFileType = sourcecode.swift; path = Bases.swift; sourceTree = "<group>"; };
		3886377B24B46F360093EA21 /* QCMMathView.swift */ = {isa = PBXFileReference; lastKnownFileType = sourcecode.swift; path = QCMMathView.swift; sourceTree = "<group>"; };
		3886377D24B46F4B0093EA21 /* HamidView.swift */ = {isa = PBXFileReference; lastKnownFileType = sourcecode.swift; path = HamidView.swift; sourceTree = "<group>"; };
		3886377F24B46F5E0093EA21 /* FabriceView.swift */ = {isa = PBXFileReference; lastKnownFileType = sourcecode.swift; path = FabriceView.swift; sourceTree = "<group>"; };
		3886378124B46F700093EA21 /* LeeRoyView Bouton reponse.swift */ = {isa = PBXFileReference; lastKnownFileType = sourcecode.swift; path = "LeeRoyView Bouton reponse.swift"; sourceTree = "<group>"; };
		3886378324B46F980093EA21 /* KhangStat.swift */ = {isa = PBXFileReference; lastKnownFileType = sourcecode.swift; path = KhangStat.swift; sourceTree = "<group>"; };
		3886378524B4724B0093EA21 /* FreeQCMMathView.swift */ = {isa = PBXFileReference; lastKnownFileType = sourcecode.swift; path = FreeQCMMathView.swift; sourceTree = "<group>"; };
		3886378724B473990093EA21 /* NavigationView.swift */ = {isa = PBXFileReference; lastKnownFileType = sourcecode.swift; path = NavigationView.swift; sourceTree = "<group>"; };
		3886378924B475B30093EA21 /* ParametreView.swift */ = {isa = PBXFileReference; lastKnownFileType = sourcecode.swift; path = ParametreView.swift; sourceTree = "<group>"; };
		388637C724B4B2660093EA21 /* chewy */ = {isa = PBXFileReference; lastKnownFileType = folder; path = chewy; sourceTree = "<group>"; };
		3886384524B4CA930093EA21 /* LeeRoyView2 Ajout QCM.swift */ = {isa = PBXFileReference; lastKnownFileType = sourcecode.swift; path = "LeeRoyView2 Ajout QCM.swift"; sourceTree = "<group>"; };
		3886384924B5CB4D0093EA21 /* AboutUsView.swift */ = {isa = PBXFileReference; lastKnownFileType = sourcecode.swift; path = AboutUsView.swift; sourceTree = "<group>"; };
		3886384B24B5CB5E0093EA21 /* CompteView..swift */ = {isa = PBXFileReference; lastKnownFileType = sourcecode.swift; path = CompteView..swift; sourceTree = "<group>"; };
		3886384D24B5CB6B0093EA21 /* Playsound.swift */ = {isa = PBXFileReference; lastKnownFileType = sourcecode.swift; path = Playsound.swift; sourceTree = "<group>"; };
		3886384F24B60B4C0093EA21 /* HamidViewModif.swift */ = {isa = PBXFileReference; lastKnownFileType = sourcecode.swift; path = HamidViewModif.swift; sourceTree = "<group>"; };
/* End PBXFileReference section */

/* Begin PBXFrameworksBuildPhase section */
		3886374324B46EE00093EA21 /* Frameworks */ = {
			isa = PBXFrameworksBuildPhase;
			buildActionMask = 2147483647;
			files = (
			);
			runOnlyForDeploymentPostprocessing = 0;
		};
		3886375924B46EE10093EA21 /* Frameworks */ = {
			isa = PBXFrameworksBuildPhase;
			buildActionMask = 2147483647;
			files = (
			);
			runOnlyForDeploymentPostprocessing = 0;
		};
		3886376424B46EE10093EA21 /* Frameworks */ = {
			isa = PBXFrameworksBuildPhase;
			buildActionMask = 2147483647;
			files = (
			);
			runOnlyForDeploymentPostprocessing = 0;
		};
/* End PBXFrameworksBuildPhase section */

/* Begin PBXGroup section */
		3886373D24B46EE00093EA21 = {
			isa = PBXGroup;
			children = (
				3886374824B46EE00093EA21 /* AppFinal */,
				3886375F24B46EE10093EA21 /* AppFinalTests */,
				3886376A24B46EE10093EA21 /* AppFinalUITests */,
				3886374724B46EE00093EA21 /* Products */,
				388637C724B4B2660093EA21 /* chewy */,
			);
			sourceTree = "<group>";
		};
		3886374724B46EE00093EA21 /* Products */ = {
			isa = PBXGroup;
			children = (
				3886374624B46EE00093EA21 /* AppFinal.app */,
				3886375C24B46EE10093EA21 /* AppFinalTests.xctest */,
				3886376724B46EE10093EA21 /* AppFinalUITests.xctest */,
			);
			name = Products;
			sourceTree = "<group>";
		};
		3886374824B46EE00093EA21 /* AppFinal */ = {
			isa = PBXGroup;
			children = (
				3886374924B46EE00093EA21 /* AppDelegate.swift */,
				3886374B24B46EE00093EA21 /* SceneDelegate.swift */,
				3886377924B46F170093EA21 /* Bases.swift */,
				3886374D24B46EE00093EA21 /* ContentView.swift */,
				3886378724B473990093EA21 /* NavigationView.swift */,
				3886377B24B46F360093EA21 /* QCMMathView.swift */,
				3886378524B4724B0093EA21 /* FreeQCMMathView.swift */,
				3886377D24B46F4B0093EA21 /* HamidView.swift */,
				3886384F24B60B4C0093EA21 /* HamidViewModif.swift */,
				3886377F24B46F5E0093EA21 /* FabriceView.swift */,
				3886378124B46F700093EA21 /* LeeRoyView Bouton reponse.swift */,
				3886384524B4CA930093EA21 /* LeeRoyView2 Ajout QCM.swift */,
				3886378324B46F980093EA21 /* KhangStat.swift */,
				3886378924B475B30093EA21 /* ParametreView.swift */,
				3886384924B5CB4D0093EA21 /* AboutUsView.swift */,
				3886384B24B5CB5E0093EA21 /* CompteView..swift */,
				3886384D24B5CB6B0093EA21 /* Playsound.swift */,
				3886374F24B46EE10093EA21 /* Assets.xcassets */,
				3886375424B46EE10093EA21 /* LaunchScreen.storyboard */,
				3886375724B46EE10093EA21 /* Info.plist */,
				3886375124B46EE10093EA21 /* Preview Content */,
			);
			path = AppFinal;
			sourceTree = "<group>";
		};
		3886375124B46EE10093EA21 /* Preview Content */ = {
			isa = PBXGroup;
			children = (
				3886375224B46EE10093EA21 /* Preview Assets.xcassets */,
			);
			path = "Preview Content";
			sourceTree = "<group>";
		};
		3886375F24B46EE10093EA21 /* AppFinalTests */ = {
			isa = PBXGroup;
			children = (
				3886376024B46EE10093EA21 /* AppFinalTests.swift */,
				3886376224B46EE10093EA21 /* Info.plist */,
			);
			path = AppFinalTests;
			sourceTree = "<group>";
		};
		3886376A24B46EE10093EA21 /* AppFinalUITests */ = {
			isa = PBXGroup;
			children = (
				3886376B24B46EE10093EA21 /* AppFinalUITests.swift */,
				3886376D24B46EE10093EA21 /* Info.plist */,
			);
			path = AppFinalUITests;
			sourceTree = "<group>";
		};
/* End PBXGroup section */

/* Begin PBXNativeTarget section */
		3886374524B46EE00093EA21 /* AppFinal */ = {
			isa = PBXNativeTarget;
			buildConfigurationList = 3886377024B46EE10093EA21 /* Build configuration list for PBXNativeTarget "AppFinal" */;
			buildPhases = (
				3886374224B46EE00093EA21 /* Sources */,
				3886374324B46EE00093EA21 /* Frameworks */,
				3886374424B46EE00093EA21 /* Resources */,
			);
			buildRules = (
			);
			dependencies = (
			);
			name = AppFinal;
			productName = AppFinal;
			productReference = 3886374624B46EE00093EA21 /* AppFinal.app */;
			productType = "com.apple.product-type.application";
		};
		3886375B24B46EE10093EA21 /* AppFinalTests */ = {
			isa = PBXNativeTarget;
			buildConfigurationList = 3886377324B46EE10093EA21 /* Build configuration list for PBXNativeTarget "AppFinalTests" */;
			buildPhases = (
				3886375824B46EE10093EA21 /* Sources */,
				3886375924B46EE10093EA21 /* Frameworks */,
				3886375A24B46EE10093EA21 /* Resources */,
			);
			buildRules = (
			);
			dependencies = (
				3886375E24B46EE10093EA21 /* PBXTargetDependency */,
			);
			name = AppFinalTests;
			productName = AppFinalTests;
			productReference = 3886375C24B46EE10093EA21 /* AppFinalTests.xctest */;
			productType = "com.apple.product-type.bundle.unit-test";
		};
		3886376624B46EE10093EA21 /* AppFinalUITests */ = {
			isa = PBXNativeTarget;
			buildConfigurationList = 3886377624B46EE10093EA21 /* Build configuration list for PBXNativeTarget "AppFinalUITests" */;
			buildPhases = (
				3886376324B46EE10093EA21 /* Sources */,
				3886376424B46EE10093EA21 /* Frameworks */,
				3886376524B46EE10093EA21 /* Resources */,
			);
			buildRules = (
			);
			dependencies = (
				3886376924B46EE10093EA21 /* PBXTargetDependency */,
			);
			name = AppFinalUITests;
			productName = AppFinalUITests;
			productReference = 3886376724B46EE10093EA21 /* AppFinalUITests.xctest */;
			productType = "com.apple.product-type.bundle.ui-testing";
		};
/* End PBXNativeTarget section */

/* Begin PBXProject section */
		3886373E24B46EE00093EA21 /* Project object */ = {
			isa = PBXProject;
			attributes = {
				LastSwiftUpdateCheck = 1150;
				LastUpgradeCheck = 1150;
				ORGANIZATIONNAME = "Le Rouzo Celine";
				TargetAttributes = {
					3886374524B46EE00093EA21 = {
						CreatedOnToolsVersion = 11.5;
					};
					3886375B24B46EE10093EA21 = {
						CreatedOnToolsVersion = 11.5;
						TestTargetID = 3886374524B46EE00093EA21;
					};
					3886376624B46EE10093EA21 = {
						CreatedOnToolsVersion = 11.5;
						TestTargetID = 3886374524B46EE00093EA21;
					};
				};
			};
			buildConfigurationList = 3886374124B46EE00093EA21 /* Build configuration list for PBXProject "AppFinal" */;
			compatibilityVersion = "Xcode 9.3";
			developmentRegion = en;
			hasScannedForEncodings = 0;
			knownRegions = (
				en,
				Base,
			);
			mainGroup = 3886373D24B46EE00093EA21;
			productRefGroup = 3886374724B46EE00093EA21 /* Products */;
			projectDirPath = "";
			projectRoot = "";
			targets = (
				3886374524B46EE00093EA21 /* AppFinal */,
				3886375B24B46EE10093EA21 /* AppFinalTests */,
				3886376624B46EE10093EA21 /* AppFinalUITests */,
			);
		};
/* End PBXProject section */

/* Begin PBXResourcesBuildPhase section */
		3886374424B46EE00093EA21 /* Resources */ = {
			isa = PBXResourcesBuildPhase;
			buildActionMask = 2147483647;
			files = (
				3886375624B46EE10093EA21 /* LaunchScreen.storyboard in Resources */,
				388637C824B4B2660093EA21 /* chewy in Resources */,
				3886375324B46EE10093EA21 /* Preview Assets.xcassets in Resources */,
				3886375024B46EE10093EA21 /* Assets.xcassets in Resources */,
			);
			runOnlyForDeploymentPostprocessing = 0;
		};
		3886375A24B46EE10093EA21 /* Resources */ = {
			isa = PBXResourcesBuildPhase;
			buildActionMask = 2147483647;
			files = (
			);
			runOnlyForDeploymentPostprocessing = 0;
		};
		3886376524B46EE10093EA21 /* Resources */ = {
			isa = PBXResourcesBuildPhase;
			buildActionMask = 2147483647;
			files = (
			);
			runOnlyForDeploymentPostprocessing = 0;
		};
/* End PBXResourcesBuildPhase section */

/* Begin PBXSourcesBuildPhase section */
		3886374224B46EE00093EA21 /* Sources */ = {
			isa = PBXSourcesBuildPhase;
			buildActionMask = 2147483647;
			files = (
				3886377E24B46F4B0093EA21 /* HamidView.swift in Sources */,
				3886377A24B46F170093EA21 /* Bases.swift in Sources */,
				3886385024B60B4C0093EA21 /* HamidViewModif.swift in Sources */,
				3886378824B473990093EA21 /* NavigationView.swift in Sources */,
				3886378624B4724B0093EA21 /* FreeQCMMathView.swift in Sources */,
				3886374A24B46EE00093EA21 /* AppDelegate.swift in Sources */,
				3886377C24B46F360093EA21 /* QCMMathView.swift in Sources */,
				3886384A24B5CB4D0093EA21 /* AboutUsView.swift in Sources */,
				3886378024B46F5E0093EA21 /* FabriceView.swift in Sources */,
				3886374C24B46EE00093EA21 /* SceneDelegate.swift in Sources */,
				3886384E24B5CB6B0093EA21 /* Playsound.swift in Sources */,
				3886384624B4CA930093EA21 /* LeeRoyView2 Ajout QCM.swift in Sources */,
				3886378224B46F700093EA21 /* LeeRoyView Bouton reponse.swift in Sources */,
				3886378424B46F980093EA21 /* KhangStat.swift in Sources */,
				3886378A24B475B30093EA21 /* ParametreView.swift in Sources */,
				3886374E24B46EE00093EA21 /* ContentView.swift in Sources */,
				3886384C24B5CB5E0093EA21 /* CompteView..swift in Sources */,
			);
			runOnlyForDeploymentPostprocessing = 0;
		};
		3886375824B46EE10093EA21 /* Sources */ = {
			isa = PBXSourcesBuildPhase;
			buildActionMask = 2147483647;
			files = (
				3886376124B46EE10093EA21 /* AppFinalTests.swift in Sources */,
			);
			runOnlyForDeploymentPostprocessing = 0;
		};
		3886376324B46EE10093EA21 /* Sources */ = {
			isa = PBXSourcesBuildPhase;
			buildActionMask = 2147483647;
			files = (
				3886376C24B46EE10093EA21 /* AppFinalUITests.swift in Sources */,
			);
			runOnlyForDeploymentPostprocessing = 0;
		};
/* End PBXSourcesBuildPhase section */

/* Begin PBXTargetDependency section */
		3886375E24B46EE10093EA21 /* PBXTargetDependency */ = {
			isa = PBXTargetDependency;
			target = 3886374524B46EE00093EA21 /* AppFinal */;
			targetProxy = 3886375D24B46EE10093EA21 /* PBXContainerItemProxy */;
		};
		3886376924B46EE10093EA21 /* PBXTargetDependency */ = {
			isa = PBXTargetDependency;
			target = 3886374524B46EE00093EA21 /* AppFinal */;
			targetProxy = 3886376824B46EE10093EA21 /* PBXContainerItemProxy */;
		};
/* End PBXTargetDependency section */

/* Begin PBXVariantGroup section */
		3886375424B46EE10093EA21 /* LaunchScreen.storyboard */ = {
			isa = PBXVariantGroup;
			children = (
				3886375524B46EE10093EA21 /* Base */,
			);
			name = LaunchScreen.storyboard;
			sourceTree = "<group>";
		};
/* End PBXVariantGroup section */

/* Begin XCBuildConfiguration section */
		3886376E24B46EE10093EA21 /* Debug */ = {
			isa = XCBuildConfiguration;
			buildSettings = {
				ALWAYS_SEARCH_USER_PATHS = NO;
				CLANG_ANALYZER_NONNULL = YES;
				CLANG_ANALYZER_NUMBER_OBJECT_CONVERSION = YES_AGGRESSIVE;
				CLANG_CXX_LANGUAGE_STANDARD = "gnu++14";
				CLANG_CXX_LIBRARY = "libc++";
				CLANG_ENABLE_MODULES = YES;
				CLANG_ENABLE_OBJC_ARC = YES;
				CLANG_ENABLE_OBJC_WEAK = YES;
				CLANG_WARN_BLOCK_CAPTURE_AUTORELEASING = YES;
				CLANG_WARN_BOOL_CONVERSION = YES;
				CLANG_WARN_COMMA = YES;
				CLANG_WARN_CONSTANT_CONVERSION = YES;
				CLANG_WARN_DEPRECATED_OBJC_IMPLEMENTATIONS = YES;
				CLANG_WARN_DIRECT_OBJC_ISA_USAGE = YES_ERROR;
				CLANG_WARN_DOCUMENTATION_COMMENTS = YES;
				CLANG_WARN_EMPTY_BODY = YES;
				CLANG_WARN_ENUM_CONVERSION = YES;
				CLANG_WARN_INFINITE_RECURSION = YES;
				CLANG_WARN_INT_CONVERSION = YES;
				CLANG_WARN_NON_LITERAL_NULL_CONVERSION = YES;
				CLANG_WARN_OBJC_IMPLICIT_RETAIN_SELF = YES;
				CLANG_WARN_OBJC_LITERAL_CONVERSION = YES;
				CLANG_WARN_OBJC_ROOT_CLASS = YES_ERROR;
				CLANG_WARN_RANGE_LOOP_ANALYSIS = YES;
				CLANG_WARN_STRICT_PROTOTYPES = YES;
				CLANG_WARN_SUSPICIOUS_MOVE = YES;
				CLANG_WARN_UNGUARDED_AVAILABILITY = YES_AGGRESSIVE;
				CLANG_WARN_UNREACHABLE_CODE = YES;
				CLANG_WARN__DUPLICATE_METHOD_MATCH = YES;
				COPY_PHASE_STRIP = NO;
				DEBUG_INFORMATION_FORMAT = dwarf;
				ENABLE_STRICT_OBJC_MSGSEND = YES;
				ENABLE_TESTABILITY = YES;
				GCC_C_LANGUAGE_STANDARD = gnu11;
				GCC_DYNAMIC_NO_PIC = NO;
				GCC_NO_COMMON_BLOCKS = YES;
				GCC_OPTIMIZATION_LEVEL = 0;
				GCC_PREPROCESSOR_DEFINITIONS = (
					"DEBUG=1",
					"$(inherited)",
				);
				GCC_WARN_64_TO_32_BIT_CONVERSION = YES;
				GCC_WARN_ABOUT_RETURN_TYPE = YES_ERROR;
				GCC_WARN_UNDECLARED_SELECTOR = YES;
				GCC_WARN_UNINITIALIZED_AUTOS = YES_AGGRESSIVE;
				GCC_WARN_UNUSED_FUNCTION = YES;
				GCC_WARN_UNUSED_VARIABLE = YES;
				IPHONEOS_DEPLOYMENT_TARGET = 13.5;
				MTL_ENABLE_DEBUG_INFO = INCLUDE_SOURCE;
				MTL_FAST_MATH = YES;
				ONLY_ACTIVE_ARCH = YES;
				SDKROOT = iphoneos;
				SWIFT_ACTIVE_COMPILATION_CONDITIONS = DEBUG;
				SWIFT_OPTIMIZATION_LEVEL = "-Onone";
			};
			name = Debug;
		};
		3886376F24B46EE10093EA21 /* Release */ = {
			isa = XCBuildConfiguration;
			buildSettings = {
				ALWAYS_SEARCH_USER_PATHS = NO;
				CLANG_ANALYZER_NONNULL = YES;
				CLANG_ANALYZER_NUMBER_OBJECT_CONVERSION = YES_AGGRESSIVE;
				CLANG_CXX_LANGUAGE_STANDARD = "gnu++14";
				CLANG_CXX_LIBRARY = "libc++";
				CLANG_ENABLE_MODULES = YES;
				CLANG_ENABLE_OBJC_ARC = YES;
				CLANG_ENABLE_OBJC_WEAK = YES;
				CLANG_WARN_BLOCK_CAPTURE_AUTORELEASING = YES;
				CLANG_WARN_BOOL_CONVERSION = YES;
				CLANG_WARN_COMMA = YES;
				CLANG_WARN_CONSTANT_CONVERSION = YES;
				CLANG_WARN_DEPRECATED_OBJC_IMPLEMENTATIONS = YES;
				CLANG_WARN_DIRECT_OBJC_ISA_USAGE = YES_ERROR;
				CLANG_WARN_DOCUMENTATION_COMMENTS = YES;
				CLANG_WARN_EMPTY_BODY = YES;
				CLANG_WARN_ENUM_CONVERSION = YES;
				CLANG_WARN_INFINITE_RECURSION = YES;
				CLANG_WARN_INT_CONVERSION = YES;
				CLANG_WARN_NON_LITERAL_NULL_CONVERSION = YES;
				CLANG_WARN_OBJC_IMPLICIT_RETAIN_SELF = YES;
				CLANG_WARN_OBJC_LITERAL_CONVERSION = YES;
				CLANG_WARN_OBJC_ROOT_CLASS = YES_ERROR;
				CLANG_WARN_RANGE_LOOP_ANALYSIS = YES;
				CLANG_WARN_STRICT_PROTOTYPES = YES;
				CLANG_WARN_SUSPICIOUS_MOVE = YES;
				CLANG_WARN_UNGUARDED_AVAILABILITY = YES_AGGRESSIVE;
				CLANG_WARN_UNREACHABLE_CODE = YES;
				CLANG_WARN__DUPLICATE_METHOD_MATCH = YES;
				COPY_PHASE_STRIP = NO;
				DEBUG_INFORMATION_FORMAT = "dwarf-with-dsym";
				ENABLE_NS_ASSERTIONS = NO;
				ENABLE_STRICT_OBJC_MSGSEND = YES;
				GCC_C_LANGUAGE_STANDARD = gnu11;
				GCC_NO_COMMON_BLOCKS = YES;
				GCC_WARN_64_TO_32_BIT_CONVERSION = YES;
				GCC_WARN_ABOUT_RETURN_TYPE = YES_ERROR;
				GCC_WARN_UNDECLARED_SELECTOR = YES;
				GCC_WARN_UNINITIALIZED_AUTOS = YES_AGGRESSIVE;
				GCC_WARN_UNUSED_FUNCTION = YES;
				GCC_WARN_UNUSED_VARIABLE = YES;
				IPHONEOS_DEPLOYMENT_TARGET = 13.5;
				MTL_ENABLE_DEBUG_INFO = NO;
				MTL_FAST_MATH = YES;
				SDKROOT = iphoneos;
				SWIFT_COMPILATION_MODE = wholemodule;
				SWIFT_OPTIMIZATION_LEVEL = "-O";
				VALIDATE_PRODUCT = YES;
			};
			name = Release;
		};
		3886377124B46EE10093EA21 /* Debug */ = {
			isa = XCBuildConfiguration;
			buildSettings = {
				ASSETCATALOG_COMPILER_APPICON_NAME = AppIcon;
				CODE_SIGN_STYLE = Automatic;
				DEVELOPMENT_ASSET_PATHS = "\"AppFinal/Preview Content\"";
				ENABLE_PREVIEWS = YES;
				INFOPLIST_FILE = AppFinal/Info.plist;
				LD_RUNPATH_SEARCH_PATHS = (
					"$(inherited)",
					"@executable_path/Frameworks",
				);
				PRODUCT_BUNDLE_IDENTIFIER = com.celine.intro.AppFinal;
				PRODUCT_NAME = "$(TARGET_NAME)";
				SWIFT_VERSION = 5.0;
				TARGETED_DEVICE_FAMILY = "1,2";
			};
			name = Debug;
		};
		3886377224B46EE10093EA21 /* Release */ = {
			isa = XCBuildConfiguration;
			buildSettings = {
				ASSETCATALOG_COMPILER_APPICON_NAME = AppIcon;
				CODE_SIGN_STYLE = Automatic;
				DEVELOPMENT_ASSET_PATHS = "\"AppFinal/Preview Content\"";
				ENABLE_PREVIEWS = YES;
				INFOPLIST_FILE = AppFinal/Info.plist;
				LD_RUNPATH_SEARCH_PATHS = (
					"$(inherited)",
					"@executable_path/Frameworks",
				);
				PRODUCT_BUNDLE_IDENTIFIER = com.celine.intro.AppFinal;
				PRODUCT_NAME = "$(TARGET_NAME)";
				SWIFT_VERSION = 5.0;
				TARGETED_DEVICE_FAMILY = "1,2";
			};
			name = Release;
		};
		3886377424B46EE10093EA21 /* Debug */ = {
			isa = XCBuildConfiguration;
			buildSettings = {
				ALWAYS_EMBED_SWIFT_STANDARD_LIBRARIES = YES;
				BUNDLE_LOADER = "$(TEST_HOST)";
				CODE_SIGN_STYLE = Automatic;
				INFOPLIST_FILE = AppFinalTests/Info.plist;
				IPHONEOS_DEPLOYMENT_TARGET = 13.5;
				LD_RUNPATH_SEARCH_PATHS = (
					"$(inherited)",
					"@executable_path/Frameworks",
					"@loader_path/Frameworks",
				);
				PRODUCT_BUNDLE_IDENTIFIER = com.celine.intro.AppFinalTests;
				PRODUCT_NAME = "$(TARGET_NAME)";
				SWIFT_VERSION = 5.0;
				TARGETED_DEVICE_FAMILY = "1,2";
				TEST_HOST = "$(BUILT_PRODUCTS_DIR)/AppFinal.app/AppFinal";
			};
			name = Debug;
		};
		3886377524B46EE10093EA21 /* Release */ = {
			isa = XCBuildConfiguration;
			buildSettings = {
				ALWAYS_EMBED_SWIFT_STANDARD_LIBRARIES = YES;
				BUNDLE_LOADER = "$(TEST_HOST)";
				CODE_SIGN_STYLE = Automatic;
				INFOPLIST_FILE = AppFinalTests/Info.plist;
				IPHONEOS_DEPLOYMENT_TARGET = 13.5;
				LD_RUNPATH_SEARCH_PATHS = (
					"$(inherited)",
					"@executable_path/Frameworks",
					"@loader_path/Frameworks",
				);
				PRODUCT_BUNDLE_IDENTIFIER = com.celine.intro.AppFinalTests;
				PRODUCT_NAME = "$(TARGET_NAME)";
				SWIFT_VERSION = 5.0;
				TARGETED_DEVICE_FAMILY = "1,2";
				TEST_HOST = "$(BUILT_PRODUCTS_DIR)/AppFinal.app/AppFinal";
			};
			name = Release;
		};
		3886377724B46EE10093EA21 /* Debug */ = {
			isa = XCBuildConfiguration;
			buildSettings = {
				ALWAYS_EMBED_SWIFT_STANDARD_LIBRARIES = YES;
				CODE_SIGN_STYLE = Automatic;
				INFOPLIST_FILE = AppFinalUITests/Info.plist;
				LD_RUNPATH_SEARCH_PATHS = (
					"$(inherited)",
					"@executable_path/Frameworks",
					"@loader_path/Frameworks",
				);
				PRODUCT_BUNDLE_IDENTIFIER = com.celine.intro.AppFinalUITests;
				PRODUCT_NAME = "$(TARGET_NAME)";
				SWIFT_VERSION = 5.0;
				TARGETED_DEVICE_FAMILY = "1,2";
				TEST_TARGET_NAME = AppFinal;
			};
			name = Debug;
		};
		3886377824B46EE10093EA21 /* Release */ = {
			isa = XCBuildConfiguration;
			buildSettings = {
				ALWAYS_EMBED_SWIFT_STANDARD_LIBRARIES = YES;
				CODE_SIGN_STYLE = Automatic;
				INFOPLIST_FILE = AppFinalUITests/Info.plist;
				LD_RUNPATH_SEARCH_PATHS = (
					"$(inherited)",
					"@executable_path/Frameworks",
					"@loader_path/Frameworks",
				);
				PRODUCT_BUNDLE_IDENTIFIER = com.celine.intro.AppFinalUITests;
				PRODUCT_NAME = "$(TARGET_NAME)";
				SWIFT_VERSION = 5.0;
				TARGETED_DEVICE_FAMILY = "1,2";
				TEST_TARGET_NAME = AppFinal;
			};
			name = Release;
		};
/* End XCBuildConfiguration section */

/* Begin XCConfigurationList section */
		3886374124B46EE00093EA21 /* Build configuration list for PBXProject "AppFinal" */ = {
			isa = XCConfigurationList;
			buildConfigurations = (
				3886376E24B46EE10093EA21 /* Debug */,
				3886376F24B46EE10093EA21 /* Release */,
			);
			defaultConfigurationIsVisible = 0;
			defaultConfigurationName = Release;
		};
		3886377024B46EE10093EA21 /* Build configuration list for PBXNativeTarget "AppFinal" */ = {
			isa = XCConfigurationList;
			buildConfigurations = (
				3886377124B46EE10093EA21 /* Debug */,
				3886377224B46EE10093EA21 /* Release */,
			);
			defaultConfigurationIsVisible = 0;
			defaultConfigurationName = Release;
		};
		3886377324B46EE10093EA21 /* Build configuration list for PBXNativeTarget "AppFinalTests" */ = {
			isa = XCConfigurationList;
			buildConfigurations = (
				3886377424B46EE10093EA21 /* Debug */,
				3886377524B46EE10093EA21 /* Release */,
			);
			defaultConfigurationIsVisible = 0;
			defaultConfigurationName = Release;
		};
		3886377624B46EE10093EA21 /* Build configuration list for PBXNativeTarget "AppFinalUITests" */ = {
			isa = XCConfigurationList;
			buildConfigurations = (
				3886377724B46EE10093EA21 /* Debug */,
				3886377824B46EE10093EA21 /* Release */,
			);
			defaultConfigurationIsVisible = 0;
			defaultConfigurationName = Release;
		};
/* End XCConfigurationList section */
	};
	rootObject = 3886373E24B46EE00093EA21 /* Project object */;
}
